// !$*UTF8*$!
{
	archiveVersion = 1;
	classes = {
	};
	objectVersion = 77;
	objects = {

/* Begin PBXBuildFile section */
		36CA646E2F117B32001D6E13 /* WidgetKit.framework in Frameworks */ = {isa = PBXBuildFile; fileRef = 36CA646D2F117B32001D6E13 /* WidgetKit.framework */; };
		36CA64702F117B32001D6E13 /* SwiftUI.framework in Frameworks */ = {isa = PBXBuildFile; fileRef = 36CA646F2F117B32001D6E13 /* SwiftUI.framework */; };
		36CA647D2F117B33001D6E13 /* AlarmWidgetExtensionExtension.appex in Embed Foundation Extensions */ = {isa = PBXBuildFile; fileRef = 36CA646B2F117B32001D6E13 /* AlarmWidgetExtensionExtension.appex */; settings = {ATTRIBUTES = (RemoveHeadersOnCopy, ); }; };
/* End PBXBuildFile section */

/* Begin PBXContainerItemProxy section */
		36CA647B2F117B33001D6E13 /* PBXContainerItemProxy */ = {
			isa = PBXContainerItemProxy;
			containerPortal = 36587BD92F0DC93B00421AB5 /* Project object */;
			proxyType = 1;
			remoteGlobalIDString = 36CA646A2F117B32001D6E13;
			remoteInfo = AlarmWidgetExtensionExtension;
		};
		36CA649D2F11B3D6001D6E13 /* PBXContainerItemProxy */ = {
			isa = PBXContainerItemProxy;
			containerPortal = 36587BD92F0DC93B00421AB5 /* Project object */;
			proxyType = 1;
			remoteGlobalIDString = 36587BE02F0DC93B00421AB5;
			remoteInfo = GentleAlarmMobileApp;
		};
/* End PBXContainerItemProxy section */

/* Begin PBXCopyFilesBuildPhase section */
		36CA647E2F117B33001D6E13 /* Embed Foundation Extensions */ = {
			isa = PBXCopyFilesBuildPhase;
			buildActionMask = 2147483647;
			dstPath = "";
			dstSubfolderSpec = 13;
			files = (
				36CA647D2F117B33001D6E13 /* AlarmWidgetExtensionExtension.appex in Embed Foundation Extensions */,
			);
			name = "Embed Foundation Extensions";
			runOnlyForDeploymentPostprocessing = 0;
		};
/* End PBXCopyFilesBuildPhase section */

/* Begin PBXFileReference section */
		36587BE12F0DC93B00421AB5 /* GentleAlarmMobileApp.app */ = {isa = PBXFileReference; explicitFileType = wrapper.application; includeInIndex = 0; path = GentleAlarmMobileApp.app; sourceTree = BUILT_PRODUCTS_DIR; };
		36CA646B2F117B32001D6E13 /* AlarmWidgetExtensionExtension.appex */ = {isa = PBXFileReference; explicitFileType = "wrapper.app-extension"; includeInIndex = 0; path = AlarmWidgetExtensionExtension.appex; sourceTree = BUILT_PRODUCTS_DIR; };
		36CA646D2F117B32001D6E13 /* WidgetKit.framework */ = {isa = PBXFileReference; lastKnownFileType = wrapper.framework; name = WidgetKit.framework; path = System/Library/Frameworks/WidgetKit.framework; sourceTree = SDKROOT; };
		36CA646F2F117B32001D6E13 /* SwiftUI.framework */ = {isa = PBXFileReference; lastKnownFileType = wrapper.framework; name = SwiftUI.framework; path = System/Library/Frameworks/SwiftUI.framework; sourceTree = SDKROOT; };
		36CA64992F11B3D6001D6E13 /* GentleAlarmMobileAppTests.xctest */ = {isa = PBXFileReference; explicitFileType = wrapper.cfbundle; includeInIndex = 0; path = GentleAlarmMobileAppTests.xctest; sourceTree = BUILT_PRODUCTS_DIR; };
/* End PBXFileReference section */

/* Begin PBXFileSystemSynchronizedBuildFileExceptionSet section */
		36587C0E2F0E0C7700421AB5 /* Exceptions for "GentleAlarmMobileApp" folder in "GentleAlarmMobileApp" target */ = {
			isa = PBXFileSystemSynchronizedBuildFileExceptionSet;
			membershipExceptions = (
				Info.plist,
			);
			target = 36587BE02F0DC93B00421AB5 /* GentleAlarmMobileApp */;
		};
		36CA64822F117B33001D6E13 /* Exceptions for "AlarmWidgetExtension" folder in "AlarmWidgetExtensionExtension" target */ = {
			isa = PBXFileSystemSynchronizedBuildFileExceptionSet;
			membershipExceptions = (
				Info.plist,
			);
			target = 36CA646A2F117B32001D6E13 /* AlarmWidgetExtensionExtension */;
		};
		36CA64882F117ECD001D6E13 /* Exceptions for "GentleAlarmMobileApp" folder in "AlarmWidgetExtensionExtension" target */ = {
			isa = PBXFileSystemSynchronizedBuildFileExceptionSet;
			membershipExceptions = (
				Models/AlarmActivityAttributes.swift,
			);
			target = 36CA646A2F117B32001D6E13 /* AlarmWidgetExtensionExtension */;
		};
/* End PBXFileSystemSynchronizedBuildFileExceptionSet section */

/* Begin PBXFileSystemSynchronizedRootGroup section */
		36587BE32F0DC93B00421AB5 /* GentleAlarmMobileApp */ = {
			isa = PBXFileSystemSynchronizedRootGroup;
			exceptions = (
				36587C0E2F0E0C7700421AB5 /* Exceptions for "GentleAlarmMobileApp" folder in "GentleAlarmMobileApp" target */,
				36CA64882F117ECD001D6E13 /* Exceptions for "GentleAlarmMobileApp" folder in "AlarmWidgetExtensionExtension" target */,
			);
			path = GentleAlarmMobileApp;
			sourceTree = "<group>";
		};
		36CA64712F117B32001D6E13 /* AlarmWidgetExtension */ = {
			isa = PBXFileSystemSynchronizedRootGroup;
			exceptions = (
				36CA64822F117B33001D6E13 /* Exceptions for "AlarmWidgetExtension" folder in "AlarmWidgetExtensionExtension" target */,
			);
			path = AlarmWidgetExtension;
			sourceTree = "<group>";
		};
		36CA649A2F11B3D6001D6E13 /* GentleAlarmMobileAppTests */ = {
			isa = PBXFileSystemSynchronizedRootGroup;
			path = GentleAlarmMobileAppTests;
			sourceTree = "<group>";
		};
/* End PBXFileSystemSynchronizedRootGroup section */

/* Begin PBXFrameworksBuildPhase section */
		36587BDE2F0DC93B00421AB5 /* Frameworks */ = {
			isa = PBXFrameworksBuildPhase;
			buildActionMask = 2147483647;
			files = (
			);
			runOnlyForDeploymentPostprocessing = 0;
		};
		36CA64682F117B32001D6E13 /* Frameworks */ = {
			isa = PBXFrameworksBuildPhase;
			buildActionMask = 2147483647;
			files = (
				36CA64702F117B32001D6E13 /* SwiftUI.framework in Frameworks */,
				36CA646E2F117B32001D6E13 /* WidgetKit.framework in Frameworks */,
			);
			runOnlyForDeploymentPostprocessing = 0;
		};
		36CA64962F11B3D6001D6E13 /* Frameworks */ = {
			isa = PBXFrameworksBuildPhase;
			buildActionMask = 2147483647;
			files = (
			);
			runOnlyForDeploymentPostprocessing = 0;
		};
/* End PBXFrameworksBuildPhase section */

/* Begin PBXGroup section */
		36587BD82F0DC93B00421AB5 = {
			isa = PBXGroup;
			children = (
				36587BE32F0DC93B00421AB5 /* GentleAlarmMobileApp */,
				36CA64712F117B32001D6E13 /* AlarmWidgetExtension */,
				36CA649A2F11B3D6001D6E13 /* GentleAlarmMobileAppTests */,
				36CA646C2F117B32001D6E13 /* Frameworks */,
				36587BE22F0DC93B00421AB5 /* Products */,
			);
			sourceTree = "<group>";
		};
		36587BE22F0DC93B00421AB5 /* Products */ = {
			isa = PBXGroup;
			children = (
				36587BE12F0DC93B00421AB5 /* GentleAlarmMobileApp.app */,
				36CA646B2F117B32001D6E13 /* AlarmWidgetExtensionExtension.appex */,
				36CA64992F11B3D6001D6E13 /* GentleAlarmMobileAppTests.xctest */,
			);
			name = Products;
			sourceTree = "<group>";
		};
		36CA646C2F117B32001D6E13 /* Frameworks */ = {
			isa = PBXGroup;
			children = (
				36CA646D2F117B32001D6E13 /* WidgetKit.framework */,
				36CA646F2F117B32001D6E13 /* SwiftUI.framework */,
			);
			name = Frameworks;
			sourceTree = "<group>";
		};
/* End PBXGroup section */

/* Begin PBXNativeTarget section */
		36587BE02F0DC93B00421AB5 /* GentleAlarmMobileApp */ = {
			isa = PBXNativeTarget;
			buildConfigurationList = 36587BEC2F0DC93C00421AB5 /* Build configuration list for PBXNativeTarget "GentleAlarmMobileApp" */;
			buildPhases = (
				36587BDD2F0DC93B00421AB5 /* Sources */,
				36587BDE2F0DC93B00421AB5 /* Frameworks */,
				36587BDF2F0DC93B00421AB5 /* Resources */,
				36CA647E2F117B33001D6E13 /* Embed Foundation Extensions */,
			);
			buildRules = (
			);
			dependencies = (
				36CA647C2F117B33001D6E13 /* PBXTargetDependency */,
			);
			fileSystemSynchronizedGroups = (
				36587BE32F0DC93B00421AB5 /* GentleAlarmMobileApp */,
			);
			name = GentleAlarmMobileApp;
			packageProductDependencies = (
			);
			productName = GentleAlarmMobileApp;
			productReference = 36587BE12F0DC93B00421AB5 /* GentleAlarmMobileApp.app */;
			productType = "com.apple.product-type.application";
		};
		36CA646A2F117B32001D6E13 /* AlarmWidgetExtensionExtension */ = {
			isa = PBXNativeTarget;
			buildConfigurationList = 36CA64812F117B33001D6E13 /* Build configuration list for PBXNativeTarget "AlarmWidgetExtensionExtension" */;
			buildPhases = (
				36CA64672F117B32001D6E13 /* Sources */,
				36CA64682F117B32001D6E13 /* Frameworks */,
				36CA64692F117B32001D6E13 /* Resources */,
			);
			buildRules = (
			);
			dependencies = (
			);
			fileSystemSynchronizedGroups = (
				36CA64712F117B32001D6E13 /* AlarmWidgetExtension */,
			);
			name = AlarmWidgetExtensionExtension;
			packageProductDependencies = (
			);
			productName = AlarmWidgetExtensionExtension;
			productReference = 36CA646B2F117B32001D6E13 /* AlarmWidgetExtensionExtension.appex */;
			productType = "com.apple.product-type.app-extension";
		};
		36CA64982F11B3D6001D6E13 /* GentleAlarmMobileAppTests */ = {
			isa = PBXNativeTarget;
			buildConfigurationList = 36CA649F2F11B3D6001D6E13 /* Build configuration list for PBXNativeTarget "GentleAlarmMobileAppTests" */;
			buildPhases = (
				36CA64952F11B3D6001D6E13 /* Sources */,
				36CA64962F11B3D6001D6E13 /* Frameworks */,
				36CA64972F11B3D6001D6E13 /* Resources */,
			);
			buildRules = (
			);
			dependencies = (
				36CA649E2F11B3D6001D6E13 /* PBXTargetDependency */,
			);
			fileSystemSynchronizedGroups = (
				36CA649A2F11B3D6001D6E13 /* GentleAlarmMobileAppTests */,
			);
			name = GentleAlarmMobileAppTests;
			packageProductDependencies = (
			);
			productName = GentleAlarmMobileAppTests;
			productReference = 36CA64992F11B3D6001D6E13 /* GentleAlarmMobileAppTests.xctest */;
			productType = "com.apple.product-type.bundle.unit-test";
		};
/* End PBXNativeTarget section */

/* Begin PBXProject section */
		36587BD92F0DC93B00421AB5 /* Project object */ = {
			isa = PBXProject;
			attributes = {
				BuildIndependentTargetsInParallel = 1;
				LastSwiftUpdateCheck = 2620;
				LastUpgradeCheck = 2620;
				TargetAttributes = {
					36587BE02F0DC93B00421AB5 = {
						CreatedOnToolsVersion = 26.2;
					};
					36CA646A2F117B32001D6E13 = {
						CreatedOnToolsVersion = 26.2;
					};
					36CA64982F11B3D6001D6E13 = {
						CreatedOnToolsVersion = 26.2;
						TestTargetID = 36587BE02F0DC93B00421AB5;
					};
				};
			};
			buildConfigurationList = 36587BDC2F0DC93B00421AB5 /* Build configuration list for PBXProject "GentleAlarmMobileApp" */;
			developmentRegion = en;
			hasScannedForEncodings = 0;
			knownRegions = (
				en,
				Base,
			);
			mainGroup = 36587BD82F0DC93B00421AB5;
			minimizedProjectReferenceProxies = 1;
			preferredProjectObjectVersion = 77;
			productRefGroup = 36587BE22F0DC93B00421AB5 /* Products */;
			projectDirPath = "";
			projectRoot = "";
			targets = (
				36587BE02F0DC93B00421AB5 /* GentleAlarmMobileApp */,
				36CA646A2F117B32001D6E13 /* AlarmWidgetExtensionExtension */,
				36CA64982F11B3D6001D6E13 /* GentleAlarmMobileAppTests */,
			);
		};
/* End PBXProject section */

/* Begin PBXResourcesBuildPhase section */
		36587BDF2F0DC93B00421AB5 /* Resources */ = {
			isa = PBXResourcesBuildPhase;
			buildActionMask = 2147483647;
			files = (
			);
			runOnlyForDeploymentPostprocessing = 0;
		};
		36CA64692F117B32001D6E13 /* Resources */ = {
			isa = PBXResourcesBuildPhase;
			buildActionMask = 2147483647;
			files = (
			);
			runOnlyForDeploymentPostprocessing = 0;
		};
		36CA64972F11B3D6001D6E13 /* Resources */ = {
			isa = PBXResourcesBuildPhase;
			buildActionMask = 2147483647;
			files = (
			);
			runOnlyForDeploymentPostprocessing = 0;
		};
/* End PBXResourcesBuildPhase section */

/* Begin PBXSourcesBuildPhase section */
		36587BDD2F0DC93B00421AB5 /* Sources */ = {
			isa = PBXSourcesBuildPhase;
			buildActionMask = 2147483647;
			files = (
			);
			runOnlyForDeploymentPostprocessing = 0;
		};
		36CA64672F117B32001D6E13 /* Sources */ = {
			isa = PBXSourcesBuildPhase;
			buildActionMask = 2147483647;
			files = (
			);
			runOnlyForDeploymentPostprocessing = 0;
		};
		36CA64952F11B3D6001D6E13 /* Sources */ = {
			isa = PBXSourcesBuildPhase;
			buildActionMask = 2147483647;
			files = (
			);
			runOnlyForDeploymentPostprocessing = 0;
		};
/* End PBXSourcesBuildPhase section */

/* Begin PBXTargetDependency section */
		36CA647C2F117B33001D6E13 /* PBXTargetDependency */ = {
			isa = PBXTargetDependency;
			target = 36CA646A2F117B32001D6E13 /* AlarmWidgetExtensionExtension */;
			targetProxy = 36CA647B2F117B33001D6E13 /* PBXContainerItemProxy */;
		};
		36CA649E2F11B3D6001D6E13 /* PBXTargetDependency */ = {
			isa = PBXTargetDependency;
			target = 36587BE02F0DC93B00421AB5 /* GentleAlarmMobileApp */;
			targetProxy = 36CA649D2F11B3D6001D6E13 /* PBXContainerItemProxy */;
		};
/* End PBXTargetDependency section */

/* Begin XCBuildConfiguration section */
		36587BEA2F0DC93C00421AB5 /* Debug */ = {
			isa = XCBuildConfiguration;
			buildSettings = {
				ALWAYS_SEARCH_USER_PATHS = NO;
				ASSETCATALOG_COMPILER_GENERATE_SWIFT_ASSET_SYMBOL_EXTENSIONS = YES;
				CLANG_ANALYZER_NONNULL = YES;
				CLANG_ANALYZER_NUMBER_OBJECT_CONVERSION = YES_AGGRESSIVE;
				CLANG_CXX_LANGUAGE_STANDARD = "gnu++20";
				CLANG_ENABLE_MODULES = YES;
				CLANG_ENABLE_OBJC_ARC = YES;
				CLANG_ENABLE_OBJC_WEAK = YES;
				CLANG_WARN_BLOCK_CAPTURE_AUTORELEASING = YES;
				CLANG_WARN_BOOL_CONVERSION = YES;
				CLANG_WARN_COMMA = YES;
				CLANG_WARN_CONSTANT_CONVERSION = YES;
				CLANG_WARN_DEPRECATED_OBJC_IMPLEMENTATIONS = YES;
				CLANG_WARN_DIRECT_OBJC_ISA_USAGE = YES_ERROR;
				CLANG_WARN_DOCUMENTATION_COMMENTS = YES;
				CLANG_WARN_EMPTY_BODY = YES;
				CLANG_WARN_ENUM_CONVERSION = YES;
				CLANG_WARN_INFINITE_RECURSION = YES;
				CLANG_WARN_INT_CONVERSION = YES;
				CLANG_WARN_NON_LITERAL_NULL_CONVERSION = YES;
				CLANG_WARN_OBJC_IMPLICIT_RETAIN_SELF = YES;
				CLANG_WARN_OBJC_LITERAL_CONVERSION = YES;
				CLANG_WARN_OBJC_ROOT_CLASS = YES_ERROR;
				CLANG_WARN_QUOTED_INCLUDE_IN_FRAMEWORK_HEADER = YES;
				CLANG_WARN_RANGE_LOOP_ANALYSIS = YES;
				CLANG_WARN_STRICT_PROTOTYPES = YES;
				CLANG_WARN_SUSPICIOUS_MOVE = YES;
				CLANG_WARN_UNGUARDED_AVAILABILITY = YES_AGGRESSIVE;
				CLANG_WARN_UNREACHABLE_CODE = YES;
				CLANG_WARN__DUPLICATE_METHOD_MATCH = YES;
				COPY_PHASE_STRIP = NO;
				DEBUG_INFORMATION_FORMAT = dwarf;
				ENABLE_STRICT_OBJC_MSGSEND = YES;
				ENABLE_TESTABILITY = YES;
				ENABLE_USER_SCRIPT_SANDBOXING = YES;
				GCC_C_LANGUAGE_STANDARD = gnu17;
				GCC_DYNAMIC_NO_PIC = NO;
				GCC_NO_COMMON_BLOCKS = YES;
				GCC_OPTIMIZATION_LEVEL = 0;
				GCC_PREPROCESSOR_DEFINITIONS = (
					"DEBUG=1",
					"$(inherited)",
				);
				GCC_WARN_64_TO_32_BIT_CONVERSION = YES;
				GCC_WARN_ABOUT_RETURN_TYPE = YES_ERROR;
				GCC_WARN_UNDECLARED_SELECTOR = YES;
				GCC_WARN_UNINITIALIZED_AUTOS = YES_AGGRESSIVE;
				GCC_WARN_UNUSED_FUNCTION = YES;
				GCC_WARN_UNUSED_VARIABLE = YES;
				IPHONEOS_DEPLOYMENT_TARGET = 17.0;
				LOCALIZATION_PREFERS_STRING_CATALOGS = YES;
				MTL_ENABLE_DEBUG_INFO = INCLUDE_SOURCE;
				MTL_FAST_MATH = YES;
				ONLY_ACTIVE_ARCH = YES;
				SDKROOT = iphoneos;
				SWIFT_ACTIVE_COMPILATION_CONDITIONS = "DEBUG $(inherited)";
				SWIFT_OPTIMIZATION_LEVEL = "-Onone";
			};
			name = Debug;
		};
		36587BEB2F0DC93C00421AB5 /* Release */ = {
			isa = XCBuildConfiguration;
			buildSettings = {
				ALWAYS_SEARCH_USER_PATHS = NO;
				ASSETCATALOG_COMPILER_GENERATE_SWIFT_ASSET_SYMBOL_EXTENSIONS = YES;
				CLANG_ANALYZER_NONNULL = YES;
				CLANG_ANALYZER_NUMBER_OBJECT_CONVERSION = YES_AGGRESSIVE;
				CLANG_CXX_LANGUAGE_STANDARD = "gnu++20";
				CLANG_ENABLE_MODULES = YES;
				CLANG_ENABLE_OBJC_ARC = YES;
				CLANG_ENABLE_OBJC_WEAK = YES;
				CLANG_WARN_BLOCK_CAPTURE_AUTORELEASING = YES;
				CLANG_WARN_BOOL_CONVERSION = YES;
				CLANG_WARN_COMMA = YES;
				CLANG_WARN_CONSTANT_CONVERSION = YES;
				CLANG_WARN_DEPRECATED_OBJC_IMPLEMENTATIONS = YES;
				CLANG_WARN_DIRECT_OBJC_ISA_USAGE = YES_ERROR;
				CLANG_WARN_DOCUMENTATION_COMMENTS = YES;
				CLANG_WARN_EMPTY_BODY = YES;
				CLANG_WARN_ENUM_CONVERSION = YES;
				CLANG_WARN_INFINITE_RECURSION = YES;
				CLANG_WARN_INT_CONVERSION = YES;
				CLANG_WARN_NON_LITERAL_NULL_CONVERSION = YES;
				CLANG_WARN_OBJC_IMPLICIT_RETAIN_SELF = YES;
				CLANG_WARN_OBJC_LITERAL_CONVERSION = YES;
				CLANG_WARN_OBJC_ROOT_CLASS = YES_ERROR;
				CLANG_WARN_QUOTED_INCLUDE_IN_FRAMEWORK_HEADER = YES;
				CLANG_WARN_RANGE_LOOP_ANALYSIS = YES;
				CLANG_WARN_STRICT_PROTOTYPES = YES;
				CLANG_WARN_SUSPICIOUS_MOVE = YES;
				CLANG_WARN_UNGUARDED_AVAILABILITY = YES_AGGRESSIVE;
				CLANG_WARN_UNREACHABLE_CODE = YES;
				CLANG_WARN__DUPLICATE_METHOD_MATCH = YES;
				COPY_PHASE_STRIP = NO;
				DEBUG_INFORMATION_FORMAT = "dwarf-with-dsym";
				ENABLE_NS_ASSERTIONS = NO;
				ENABLE_STRICT_OBJC_MSGSEND = YES;
				ENABLE_USER_SCRIPT_SANDBOXING = YES;
				GCC_C_LANGUAGE_STANDARD = gnu17;
				GCC_NO_COMMON_BLOCKS = YES;
				GCC_WARN_64_TO_32_BIT_CONVERSION = YES;
				GCC_WARN_ABOUT_RETURN_TYPE = YES_ERROR;
				GCC_WARN_UNDECLARED_SELECTOR = YES;
				GCC_WARN_UNINITIALIZED_AUTOS = YES_AGGRESSIVE;
				GCC_WARN_UNUSED_FUNCTION = YES;
				GCC_WARN_UNUSED_VARIABLE = YES;
				IPHONEOS_DEPLOYMENT_TARGET = 17.0;
				LOCALIZATION_PREFERS_STRING_CATALOGS = YES;
				MTL_ENABLE_DEBUG_INFO = NO;
				MTL_FAST_MATH = YES;
				SDKROOT = iphoneos;
				SWIFT_COMPILATION_MODE = wholemodule;
				VALIDATE_PRODUCT = YES;
			};
			name = Release;
		};
		36587BED2F0DC93C00421AB5 /* Debug */ = {
			isa = XCBuildConfiguration;
			buildSettings = {
				ASSETCATALOG_COMPILER_APPICON_NAME = AppIcon;
				ASSETCATALOG_COMPILER_GLOBAL_ACCENT_COLOR_NAME = AccentColor;
				CODE_SIGN_STYLE = Automatic;
				CURRENT_PROJECT_VERSION = 1;
				DEVELOPMENT_TEAM = V5S9345J82;
				ENABLE_PREVIEWS = YES;
				GENERATE_INFOPLIST_FILE = YES;
				INFOPLIST_FILE = GentleAlarmMobileApp/Info.plist;
				INFOPLIST_KEY_UIApplicationSceneManifest_Generation = YES;
				INFOPLIST_KEY_UIApplicationSupportsIndirectInputEvents = YES;
				INFOPLIST_KEY_UILaunchScreen_Generation = YES;
				INFOPLIST_KEY_UISupportedInterfaceOrientations_iPad = "UIInterfaceOrientationPortrait UIInterfaceOrientationPortraitUpsideDown UIInterfaceOrientationLandscapeLeft UIInterfaceOrientationLandscapeRight";
				INFOPLIST_KEY_UISupportedInterfaceOrientations_iPhone = "UIInterfaceOrientationPortrait UIInterfaceOrientationLandscapeLeft UIInterfaceOrientationLandscapeRight";
				IPHONEOS_DEPLOYMENT_TARGET = 17.0;
				LD_RUNPATH_SEARCH_PATHS = (
					"$(inherited)",
					"@executable_path/Frameworks",
				);
				MARKETING_VERSION = 1.0;
				PRODUCT_BUNDLE_IDENTIFIER = com.nysoft.gentlealarmmobileapp;
				PRODUCT_NAME = "$(TARGET_NAME)";
				STRING_CATALOG_GENERATE_SYMBOLS = YES;
				SWIFT_APPROACHABLE_CONCURRENCY = YES;
				SWIFT_DEFAULT_ACTOR_ISOLATION = MainActor;
				SWIFT_EMIT_LOC_STRINGS = YES;
				SWIFT_UPCOMING_FEATURE_MEMBER_IMPORT_VISIBILITY = YES;
				SWIFT_VERSION = 5.0;
				TARGETED_DEVICE_FAMILY = "1,2";
			};
			name = Debug;
		};
		36587BEE2F0DC93C00421AB5 /* Release */ = {
			isa = XCBuildConfiguration;
			buildSettings = {
				ASSETCATALOG_COMPILER_APPICON_NAME = AppIcon;
				ASSETCATALOG_COMPILER_GLOBAL_ACCENT_COLOR_NAME = AccentColor;
				CODE_SIGN_STYLE = Automatic;
				CURRENT_PROJECT_VERSION = 1;
				DEVELOPMENT_TEAM = V5S9345J82;
				ENABLE_PREVIEWS = YES;
				GENERATE_INFOPLIST_FILE = YES;
				INFOPLIST_FILE = GentleAlarmMobileApp/Info.plist;
				INFOPLIST_KEY_UIApplicationSceneManifest_Generation = YES;
				INFOPLIST_KEY_UIApplicationSupportsIndirectInputEvents = YES;
				INFOPLIST_KEY_UILaunchScreen_Generation = YES;
				INFOPLIST_KEY_UISupportedInterfaceOrientations_iPad = "UIInterfaceOrientationPortrait UIInterfaceOrientationPortraitUpsideDown UIInterfaceOrientationLandscapeLeft UIInterfaceOrientationLandscapeRight";
				INFOPLIST_KEY_UISupportedInterfaceOrientations_iPhone = "UIInterfaceOrientationPortrait UIInterfaceOrientationLandscapeLeft UIInterfaceOrientationLandscapeRight";
				IPHONEOS_DEPLOYMENT_TARGET = 17.0;
				LD_RUNPATH_SEARCH_PATHS = (
					"$(inherited)",
					"@executable_path/Frameworks",
				);
				MARKETING_VERSION = 1.0;
				PRODUCT_BUNDLE_IDENTIFIER = com.nysoft.gentlealarmmobileapp;
				PRODUCT_NAME = "$(TARGET_NAME)";
				STRING_CATALOG_GENERATE_SYMBOLS = YES;
				SWIFT_APPROACHABLE_CONCURRENCY = YES;
				SWIFT_DEFAULT_ACTOR_ISOLATION = MainActor;
				SWIFT_EMIT_LOC_STRINGS = YES;
				SWIFT_UPCOMING_FEATURE_MEMBER_IMPORT_VISIBILITY = YES;
				SWIFT_VERSION = 5.0;
				TARGETED_DEVICE_FAMILY = "1,2";
			};
			name = Release;
		};
		36CA647F2F117B33001D6E13 /* Debug */ = {
			isa = XCBuildConfiguration;
			buildSettings = {
				ASSETCATALOG_COMPILER_GLOBAL_ACCENT_COLOR_NAME = AccentColor;
				ASSETCATALOG_COMPILER_WIDGET_BACKGROUND_COLOR_NAME = WidgetBackground;
				CODE_SIGN_STYLE = Automatic;
				CURRENT_PROJECT_VERSION = 1;
				DEVELOPMENT_TEAM = V5S9345J82;
				GENERATE_INFOPLIST_FILE = YES;
				INFOPLIST_FILE = AlarmWidgetExtension/Info.plist;
				INFOPLIST_KEY_CFBundleDisplayName = AlarmWidgetExtension;
				INFOPLIST_KEY_NSHumanReadableCopyright = "";
				IPHONEOS_DEPLOYMENT_TARGET = 17.0;
				LD_RUNPATH_SEARCH_PATHS = (
					"$(inherited)",
					"@executable_path/Frameworks",
					"@executable_path/../../Frameworks",
				);
				MARKETING_VERSION = 1.0;
				PRODUCT_BUNDLE_IDENTIFIER = com.nysoft.gentlealarmmobileapp.AlarmWidgetExtension;
				PRODUCT_NAME = "$(TARGET_NAME)";
				SKIP_INSTALL = YES;
				STRING_CATALOG_GENERATE_SYMBOLS = YES;
				SWIFT_APPROACHABLE_CONCURRENCY = YES;
				SWIFT_EMIT_LOC_STRINGS = YES;
				SWIFT_UPCOMING_FEATURE_MEMBER_IMPORT_VISIBILITY = YES;
				SWIFT_VERSION = 5.0;
				TARGETED_DEVICE_FAMILY = "1,2";
			};
			name = Debug;
		};
		36CA64802F117B33001D6E13 /* Release */ = {
			isa = XCBuildConfiguration;
			buildSettings = {
				ASSETCATALOG_COMPILER_GLOBAL_ACCENT_COLOR_NAME = AccentColor;
				ASSETCATALOG_COMPILER_WIDGET_BACKGROUND_COLOR_NAME = WidgetBackground;
				CODE_SIGN_STYLE = Automatic;
				CURRENT_PROJECT_VERSION = 1;
				DEVELOPMENT_TEAM = V5S9345J82;
				GENERATE_INFOPLIST_FILE = YES;
				INFOPLIST_FILE = AlarmWidgetExtension/Info.plist;
				INFOPLIST_KEY_CFBundleDisplayName = AlarmWidgetExtension;
				INFOPLIST_KEY_NSHumanReadableCopyright = "";
				IPHONEOS_DEPLOYMENT_TARGET = 17.0;
				LD_RUNPATH_SEARCH_PATHS = (
					"$(inherited)",
					"@executable_path/Frameworks",
					"@executable_path/../../Frameworks",
				);
				MARKETING_VERSION = 1.0;
				PRODUCT_BUNDLE_IDENTIFIER = com.nysoft.gentlealarmmobileapp.AlarmWidgetExtension;
				PRODUCT_NAME = "$(TARGET_NAME)";
				SKIP_INSTALL = YES;
				STRING_CATALOG_GENERATE_SYMBOLS = YES;
				SWIFT_APPROACHABLE_CONCURRENCY = YES;
				SWIFT_EMIT_LOC_STRINGS = YES;
				SWIFT_UPCOMING_FEATURE_MEMBER_IMPORT_VISIBILITY = YES;
				SWIFT_VERSION = 5.0;
				TARGETED_DEVICE_FAMILY = "1,2";
			};
			name = Release;
		};
		36CA64A02F11B3D6001D6E13 /* Debug */ = {
			isa = XCBuildConfiguration;
			buildSettings = {
				BUNDLE_LOADER = "$(TEST_HOST)";
				CODE_SIGN_STYLE = Automatic;
				CURRENT_PROJECT_VERSION = 1;
				DEVELOPMENT_TEAM = V5S9345J82;
				GENERATE_INFOPLIST_FILE = YES;
				MARKETING_VERSION = 1.0;
				PRODUCT_BUNDLE_IDENTIFIER = com.nysoft.gentlealarmmobileapp.GentleAlarmMobileAppTests;
				PRODUCT_NAME = "$(TARGET_NAME)";
				STRING_CATALOG_GENERATE_SYMBOLS = NO;
				SWIFT_APPROACHABLE_CONCURRENCY = YES;
				SWIFT_EMIT_LOC_STRINGS = NO;
				SWIFT_UPCOMING_FEATURE_MEMBER_IMPORT_VISIBILITY = YES;
				SWIFT_VERSION = 5.0;
				TARGETED_DEVICE_FAMILY = "1,2";
				TEST_HOST = "$(BUILT_PRODUCTS_DIR)/GentleAlarmMobileApp.app/$(BUNDLE_EXECUTABLE_FOLDER_PATH)/GentleAlarmMobileApp";
			};
			name = Debug;
		};
		36CA64A12F11B3D6001D6E13 /* Release */ = {
			isa = XCBuildConfiguration;
			buildSettings = {
				BUNDLE_LOADER = "$(TEST_HOST)";
				CODE_SIGN_STYLE = Automatic;
				CURRENT_PROJECT_VERSION = 1;
				DEVELOPMENT_TEAM = V5S9345J82;
				GENERATE_INFOPLIST_FILE = YES;
				MARKETING_VERSION = 1.0;
				PRODUCT_BUNDLE_IDENTIFIER = com.nysoft.gentlealarmmobileapp.GentleAlarmMobileAppTests;
				PRODUCT_NAME = "$(TARGET_NAME)";
				STRING_CATALOG_GENERATE_SYMBOLS = NO;
				SWIFT_APPROACHABLE_CONCURRENCY = YES;
				SWIFT_EMIT_LOC_STRINGS = NO;
				SWIFT_UPCOMING_FEATURE_MEMBER_IMPORT_VISIBILITY = YES;
				SWIFT_VERSION = 5.0;
				TARGETED_DEVICE_FAMILY = "1,2";
				TEST_HOST = "$(BUILT_PRODUCTS_DIR)/GentleAlarmMobileApp.app/$(BUNDLE_EXECUTABLE_FOLDER_PATH)/GentleAlarmMobileApp";
			};
			name = Release;
		};
/* End XCBuildConfiguration section */

/* Begin XCConfigurationList section */
		36587BDC2F0DC93B00421AB5 /* Build configuration list for PBXProject "GentleAlarmMobileApp" */ = {
			isa = XCConfigurationList;
			buildConfigurations = (
				36587BEA2F0DC93C00421AB5 /* Debug */,
				36587BEB2F0DC93C00421AB5 /* Release */,
			);
			defaultConfigurationIsVisible = 0;
			defaultConfigurationName = Release;
		};
		36587BEC2F0DC93C00421AB5 /* Build configuration list for PBXNativeTarget "GentleAlarmMobileApp" */ = {
			isa = XCConfigurationList;
			buildConfigurations = (
				36587BED2F0DC93C00421AB5 /* Debug */,
				36587BEE2F0DC93C00421AB5 /* Release */,
			);
			defaultConfigurationIsVisible = 0;
			defaultConfigurationName = Release;
		};
		36CA64812F117B33001D6E13 /* Build configuration list for PBXNativeTarget "AlarmWidgetExtensionExtension" */ = {
			isa = XCConfigurationList;
			buildConfigurations = (
				36CA647F2F117B33001D6E13 /* Debug */,
				36CA64802F117B33001D6E13 /* Release */,
			);
			defaultConfigurationIsVisible = 0;
			defaultConfigurationName = Release;
		};
		36CA649F2F11B3D6001D6E13 /* Build configuration list for PBXNativeTarget "GentleAlarmMobileAppTests" */ = {
			isa = XCConfigurationList;
			buildConfigurations = (
				36CA64A02F11B3D6001D6E13 /* Debug */,
				36CA64A12F11B3D6001D6E13 /* Release */,
			);
			defaultConfigurationIsVisible = 0;
			defaultConfigurationName = Release;
		};
/* End XCConfigurationList section */
	};
	rootObject = 36587BD92F0DC93B00421AB5 /* Project object */;
}
